
Microsoft Visual Studio Solution File, Format Version 11.00
# Visual Studio 2010
Project("{FAE04EC0-301F-11D3-BF4B-00C04F79EFBC}") = "TweetStation", "TweetStation\TweetStation.csproj", "{7C7D3161-2DFB-4201-B70E-88ACD3976AA9}"
EndProject
Global
	GlobalSection(SolutionConfigurationPlatforms) = preSolution
		Debug|iPhoneSimulator = Debug|iPhoneSimulator
		Release|iPhoneSimulator = Release|iPhoneSimulator
		Debug|iPhone = Debug|iPhone
		Release|iPhone = Release|iPhone
		AdHoc|iPhone = AdHoc|iPhone
		AppStore|iPhone = AppStore|iPhone
	EndGlobalSection
	GlobalSection(ProjectConfigurationPlatforms) = postSolution
		{7C7D3161-2DFB-4201-B70E-88ACD3976AA9}.AdHoc|iPhone.ActiveCfg = AdHoc|iPhone
		{7C7D3161-2DFB-4201-B70E-88ACD3976AA9}.AdHoc|iPhone.Build.0 = AdHoc|iPhone
		{7C7D3161-2DFB-4201-B70E-88ACD3976AA9}.AppStore|iPhone.ActiveCfg = AppStore|iPhone
		{7C7D3161-2DFB-4201-B70E-88ACD3976AA9}.AppStore|iPhone.Build.0 = AppStore|iPhone
		{7C7D3161-2DFB-4201-B70E-88ACD3976AA9}.Debug|iPhone.ActiveCfg = Debug|iPhone
		{7C7D3161-2DFB-4201-B70E-88ACD3976AA9}.Debug|iPhone.Build.0 = Debug|iPhone
		{7C7D3161-2DFB-4201-B70E-88ACD3976AA9}.Debug|iPhoneSimulator.ActiveCfg = Debug|iPhoneSimulator
		{7C7D3161-2DFB-4201-B70E-88ACD3976AA9}.Debug|iPhoneSimulator.Build.0 = Debug|iPhoneSimulator
		{7C7D3161-2DFB-4201-B70E-88ACD3976AA9}.Release|iPhone.ActiveCfg = Release|iPhone
		{7C7D3161-2DFB-4201-B70E-88ACD3976AA9}.Release|iPhone.Build.0 = Release|iPhone
		{7C7D3161-2DFB-4201-B70E-88ACD3976AA9}.Release|iPhoneSimulator.ActiveCfg = Release|iPhoneSimulator
		{7C7D3161-2DFB-4201-B70E-88ACD3976AA9}.Release|iPhoneSimulator.Build.0 = Release|iPhoneSimulator
	EndGlobalSection
	GlobalSection(MonoDevelopProperties) = preSolution
		StartupItem = TweetStation\TweetStation.csproj
	EndGlobalSection
EndGlobal
